<?xml version="1.0" encoding="utf-8"?>
<Project ToolsVersion="4.0" xmlns="http://schemas.microsoft.com/developer/msbuild/2003">
  <ItemGroup>
    <Filter Include="Source Files">
      <UniqueIdentifier>{4FC737F1-C7A5-4376-A066-2A32D752A2FF}</UniqueIdentifier>
      <Extensions>cpp;c;cc;cxx;def;odl;idl;hpj;bat;asm;asmx</Extensions>
    </Filter>
    <Filter Include="Header Files">
      <UniqueIdentifier>{93995380-89BD-4b04-88EB-625FBE52EBFB}</UniqueIdentifier>
      <Extensions>h;hpp;hxx;hm;inl;inc;xsd</Extensions>
    </Filter>
    <Filter Include="Resource Files">
      <UniqueIdentifier>{67DA6AB6-F800-4c08-8B7A-83BB121AAD01}</UniqueIdentifier>
      <Extensions>rc;ico;cur;bmp;dlg;rc2;rct;bin;rgs;gif;jpg;jpeg;jpe;resx;tiff;tif;png;wav;mfcribbon-ms</Extensions>
    </Filter>
    <Filter Include="Header Files\irc">
      <UniqueIdentifier>{10c882e6-15de-4455-b18c-bc6d5fb1c0ec}</UniqueIdentifier>
    </Filter>
    <Filter Include="Source Files\script">
      <UniqueIdentifier>{c6d14833-47a9-4591-8992-c1feb9f0cb57}</UniqueIdentifier>
    </Filter>
    <Filter Include="Header Files\script">
      <UniqueIdentifier>{78822c47-076c-4a5e-9987-9c2dfcf39934}</UniqueIdentifier>
    </Filter>
    <Filter Include="Header Files\command">
      <UniqueIdentifier>{f42688a1-6ebd-4aae-bd66-1ce636cf2fe5}</UniqueIdentifier>
    </Filter>
    <Filter Include="Source Files\command">
      <UniqueIdentifier>{2a748b60-ec8b-4820-a1b2-7720cd931a64}</UniqueIdentifier>
    </Filter>
  </ItemGroup>
  <ItemGroup>
    <ClCompile Include="src\main.cpp">
      <Filter>Source Files</Filter>
    </ClCompile>
    <ClCompile Include="src\bot.cpp">
      <Filter>Source Files</Filter>
    </ClCompile>
    <ClCompile Include="src\irc\ircclient.cpp">
      <Filter>Source Files</Filter>
    </ClCompile>
    <ClCompile Include="src\irc\botmsglistener.cpp">
      <Filter>Source Files</Filter>
    </ClCompile>
    <ClCompile Include="src\conf\config.cpp">
      <Filter>Source Files</Filter>
    </ClCompile>
    <ClCompile Include="src\command\unload_command.cpp">
      <Filter>Source Files\command</Filter>
    </ClCompile>
    <ClCompile Include="src\script\server_hook.cpp">
      <Filter>Source Files\script</Filter>
    </ClCompile>
    <ClCompile Include="src\command\script_command.cpp">
      <Filter>Source Files\command</Filter>
    </ClCompile>
    <ClCompile Include="src\script\perl_server_hook.cpp">
      <Filter>Source Files\script</Filter>
    </ClCompile>
    <ClCompile Include="src\command\command_interface.cpp">
      <Filter>Source Files\command</Filter>
    </ClCompile>
    <ClCompile Include="src\command\perl_script_command.cpp">
      <Filter>Source Files\script</Filter>
    </ClCompile>
    <ClCompile Include="src\script\perl.cpp">
      <Filter>Source Files\script</Filter>
    </ClCompile>
    <ClCompile Include="src\script\script.cpp">
      <Filter>Source Files\script</Filter>
    </ClCompile>
    <ClCompile Include="src\command\command.cpp">
      <Filter>Source Files\command</Filter>
    </ClCompile>
  </ItemGroup>
  <ItemGroup>
    <ClInclude Include="include\bot.hpp">
      <Filter>Header Files</Filter>
    </ClInclude>
    <ClInclude Include="include\irc\botmsglistener.hpp">
      <Filter>Header Files</Filter>
    </ClInclude>
    <ClInclude Include="include\util.hpp">
      <Filter>Header Files</Filter>
    </ClInclude>
    <ClInclude Include="include\conf\config.hpp">
      <Filter>Header Files</Filter>
    </ClInclude>
    <ClInclude Include="include\irc\ircclient.hpp">
      <Filter>Header Files\irc</Filter>
    </ClInclude>
    <ClInclude Include="include\irc\channel.hpp">
      <Filter>Header Files\irc</Filter>
    </ClInclude>
    <ClInclude Include="include\irc\color.hpp">
      <Filter>Header Files\irc</Filter>
    </ClInclude>
    <ClInclude Include="include\scripting.hpp">
      <Filter>Header Files\script</Filter>
    </ClInclude>
    <ClInclude Include="include\script.hpp">
      <Filter>Header Files\script</Filter>
    </ClInclude>
    <ClInclude Include="include\command.hpp">
      <Filter>Header Files\command</Filter>
    </ClInclude>
    <ClInclude Include="include\command\unload_command.hpp">
      <Filter>Header Files\command</Filter>
    </ClInclude>
    <ClInclude Include="include\forward_declare.hpp">
      <Filter>Header Files</Filter>
    </ClInclude>
    <ClInclude Include="include\script\server_hook.hpp">
      <Filter>Header Files\script</Filter>
    </ClInclude>
    <ClInclude Include="include\script\perl_server_hook.hpp">
      <Filter>Header Files\script</Filter>
    </ClInclude>
    <ClInclude Include="include\command\perl_script_command.hpp">
      <Filter>Header Files\command</Filter>
    </ClInclude>
    <ClInclude Include="include\command\script_command.hpp">
      <Filter>Header Files\command</Filter>
    </ClInclude>
    <ClInclude Include="include\command\command_interface.hpp">
      <Filter>Header Files\command</Filter>
    </ClInclude>
    <ClInclude Include="include\script\perl.hpp">
      <Filter>Header Files\script</Filter>
    </ClInclude>
  </ItemGroup>
</Project>